{
  "name": "volv-landing-page-main",
  "version": "1.0.0",
  "lockfileVersion": 1,
  "requires": true,
  "dependencies": {
    "sal.js": {
      "version": "0.7.3",
      "resolved": "https://registry.npmjs.org/sal.js/-/sal.js-0.7.3.tgz",
      "integrity": "sha512-vhXvqJMt4EY9P6OS4kqLP3FI+wesGY7uMOYemG9e9yZkz3cEdwp7M+4ruUe3Ujg4FHFO00WOPslosXo+8rTpcg=="
    }
  }
}
